// !$*UTF8*$!
{
	archiveVersion = 1;
	classes = {
	};
	objectVersion = 55;
	objects = {

/* Begin PBXBuildFile section */
		D099250F2896CA07008112DB /* main.swift in Sources */ = {isa = PBXBuildFile; fileRef = D099250E2896CA07008112DB /* main.swift */; };
		D09925112896CA07008112DB /* ContentView.swift in Sources */ = {isa = PBXBuildFile; fileRef = D09925102896CA07008112DB /* ContentView.swift */; };
		D09925132896CA09008112DB /* Assets.xcassets in Resources */ = {isa = PBXBuildFile; fileRef = D09925122896CA09008112DB /* Assets.xcassets */; };
		D09925162896CA09008112DB /* Preview Assets.xcassets in Resources */ = {isa = PBXBuildFile; fileRef = D09925152896CA09008112DB /* Preview Assets.xcassets */; };
		D09925212896CA09008112DB /* classPractice0Tests.swift in Sources */ = {isa = PBXBuildFile; fileRef = D09925202896CA09008112DB /* classPractice0Tests.swift */; };
		D099252B2896CA09008112DB /* classPractice0UITests.swift in Sources */ = {isa = PBXBuildFile; fileRef = D099252A2896CA09008112DB /* classPractice0UITests.swift */; };
		D099252D2896CA09008112DB /* classPractice0UITestsLaunchTests.swift in Sources */ = {isa = PBXBuildFile; fileRef = D099252C2896CA09008112DB /* classPractice0UITestsLaunchTests.swift */; };
/* End PBXBuildFile section */

/* Begin PBXContainerItemProxy section */
		D099251D2896CA09008112DB /* PBXContainerItemProxy */ = {
			isa = PBXContainerItemProxy;
			containerPortal = D09925032896CA07008112DB /* Project object */;
			proxyType = 1;
			remoteGlobalIDString = D099250A2896CA07008112DB;
			remoteInfo = classPractice0;
		};
		D09925272896CA09008112DB /* PBXContainerItemProxy */ = {
			isa = PBXContainerItemProxy;
			containerPortal = D09925032896CA07008112DB /* Project object */;
			proxyType = 1;
			remoteGlobalIDString = D099250A2896CA07008112DB;
			remoteInfo = classPractice0;
		};
/* End PBXContainerItemProxy section */

/* Begin PBXFileReference section */
		D099250B2896CA07008112DB /* classPractice0.app */ = {isa = PBXFileReference; explicitFileType = wrapper.application; includeInIndex = 0; path = classPractice0.app; sourceTree = BUILT_PRODUCTS_DIR; };
		D099250E2896CA07008112DB /* main.swift */ = {isa = PBXFileReference; lastKnownFileType = sourcecode.swift; path = main.swift; sourceTree = "<group>"; };
		D09925102896CA07008112DB /* ContentView.swift */ = {isa = PBXFileReference; lastKnownFileType = sourcecode.swift; path = ContentView.swift; sourceTree = "<group>"; };
		D09925122896CA09008112DB /* Assets.xcassets */ = {isa = PBXFileReference; lastKnownFileType = folder.assetcatalog; path = Assets.xcassets; sourceTree = "<group>"; };
		D09925152896CA09008112DB /* Preview Assets.xcassets */ = {isa = PBXFileReference; lastKnownFileType = folder.assetcatalog; path = "Preview Assets.xcassets"; sourceTree = "<group>"; };
		D09925172896CA09008112DB /* classPractice0.entitlements */ = {isa = PBXFileReference; lastKnownFileType = text.plist.entitlements; path = classPractice0.entitlements; sourceTree = "<group>"; };
		D099251C2896CA09008112DB /* classPractice0Tests.xctest */ = {isa = PBXFileReference; explicitFileType = wrapper.cfbundle; includeInIndex = 0; path = classPractice0Tests.xctest; sourceTree = BUILT_PRODUCTS_DIR; };
		D09925202896CA09008112DB /* classPractice0Tests.swift */ = {isa = PBXFileReference; lastKnownFileType = sourcecode.swift; path = classPractice0Tests.swift; sourceTree = "<group>"; };
		D09925262896CA09008112DB /* classPractice0UITests.xctest */ = {isa = PBXFileReference; explicitFileType = wrapper.cfbundle; includeInIndex = 0; path = classPractice0UITests.xctest; sourceTree = BUILT_PRODUCTS_DIR; };
		D099252A2896CA09008112DB /* classPractice0UITests.swift */ = {isa = PBXFileReference; lastKnownFileType = sourcecode.swift; path = classPractice0UITests.swift; sourceTree = "<group>"; };
		D099252C2896CA09008112DB /* classPractice0UITestsLaunchTests.swift */ = {isa = PBXFileReference; lastKnownFileType = sourcecode.swift; path = classPractice0UITestsLaunchTests.swift; sourceTree = "<group>"; };
/* End PBXFileReference section */

/* Begin PBXFrameworksBuildPhase section */
		D09925082896CA07008112DB /* Frameworks */ = {
			isa = PBXFrameworksBuildPhase;
			buildActionMask = 2147483647;
			files = (
			);
			runOnlyForDeploymentPostprocessing = 0;
		};
		D09925192896CA09008112DB /* Frameworks */ = {
			isa = PBXFrameworksBuildPhase;
			buildActionMask = 2147483647;
			files = (
			);
			runOnlyForDeploymentPostprocessing = 0;
		};
		D09925232896CA09008112DB /* Frameworks */ = {
			isa = PBXFrameworksBuildPhase;
			buildActionMask = 2147483647;
			files = (
			);
			runOnlyForDeploymentPostprocessing = 0;
		};
/* End PBXFrameworksBuildPhase section */

/* Begin PBXGroup section */
		D09925022896CA07008112DB = {
			isa = PBXGroup;
			children = (
				D099250D2896CA07008112DB /* classPractice0 */,
				D099251F2896CA09008112DB /* classPractice0Tests */,
				D09925292896CA09008112DB /* classPractice0UITests */,
				D099250C2896CA07008112DB /* Products */,
			);
			sourceTree = "<group>";
		};
		D099250C2896CA07008112DB /* Products */ = {
			isa = PBXGroup;
			children = (
				D099250B2896CA07008112DB /* classPractice0.app */,
				D099251C2896CA09008112DB /* classPractice0Tests.xctest */,
				D09925262896CA09008112DB /* classPractice0UITests.xctest */,
			);
			name = Products;
			sourceTree = "<group>";
		};
		D099250D2896CA07008112DB /* classPractice0 */ = {
			isa = PBXGroup;
			children = (
				D099250E2896CA07008112DB /* main.swift */,
				D09925102896CA07008112DB /* ContentView.swift */,
				D09925122896CA09008112DB /* Assets.xcassets */,
				D09925172896CA09008112DB /* classPractice0.entitlements */,
				D09925142896CA09008112DB /* Preview Content */,
			);
			path = classPractice0;
			sourceTree = "<group>";
		};
		D09925142896CA09008112DB /* Preview Content */ = {
			isa = PBXGroup;
			children = (
				D09925152896CA09008112DB /* Preview Assets.xcassets */,
			);
			path = "Preview Content";
			sourceTree = "<group>";
		};
		D099251F2896CA09008112DB /* classPractice0Tests */ = {
			isa = PBXGroup;
			children = (
				D09925202896CA09008112DB /* classPractice0Tests.swift */,
			);
			path = classPractice0Tests;
			sourceTree = "<group>";
		};
		D09925292896CA09008112DB /* classPractice0UITests */ = {
			isa = PBXGroup;
			children = (
				D099252A2896CA09008112DB /* classPractice0UITests.swift */,
				D099252C2896CA09008112DB /* classPractice0UITestsLaunchTests.swift */,
			);
			path = classPractice0UITests;
			sourceTree = "<group>";
		};
/* End PBXGroup section */

/* Begin PBXNativeTarget section */
		D099250A2896CA07008112DB /* classPractice0 */ = {
			isa = PBXNativeTarget;
			buildConfigurationList = D09925302896CA09008112DB /* Build configuration list for PBXNativeTarget "classPractice0" */;
			buildPhases = (
				D09925072896CA07008112DB /* Sources */,
				D09925082896CA07008112DB /* Frameworks */,
				D09925092896CA07008112DB /* Resources */,
			);
			buildRules = (
			);
			dependencies = (
			);
			name = classPractice0;
			productName = classPractice0;
			productReference = D099250B2896CA07008112DB /* classPractice0.app */;
			productType = "com.apple.product-type.application";
		};
		D099251B2896CA09008112DB /* classPractice0Tests */ = {
			isa = PBXNativeTarget;
			buildConfigurationList = D09925332896CA09008112DB /* Build configuration list for PBXNativeTarget "classPractice0Tests" */;
			buildPhases = (
				D09925182896CA09008112DB /* Sources */,
				D09925192896CA09008112DB /* Frameworks */,
				D099251A2896CA09008112DB /* Resources */,
			);
			buildRules = (
			);
			dependencies = (
				D099251E2896CA09008112DB /* PBXTargetDependency */,
			);
			name = classPractice0Tests;
			productName = classPractice0Tests;
			productReference = D099251C2896CA09008112DB /* classPractice0Tests.xctest */;
			productType = "com.apple.product-type.bundle.unit-test";
		};
		D09925252896CA09008112DB /* classPractice0UITests */ = {
			isa = PBXNativeTarget;
			buildConfigurationList = D09925362896CA09008112DB /* Build configuration list for PBXNativeTarget "classPractice0UITests" */;
			buildPhases = (
				D09925222896CA09008112DB /* Sources */,
				D09925232896CA09008112DB /* Frameworks */,
				D09925242896CA09008112DB /* Resources */,
			);
			buildRules = (
			);
			dependencies = (
				D09925282896CA09008112DB /* PBXTargetDependency */,
			);
			name = classPractice0UITests;
			productName = classPractice0UITests;
			productReference = D09925262896CA09008112DB /* classPractice0UITests.xctest */;
			productType = "com.apple.product-type.bundle.ui-testing";
		};
/* End PBXNativeTarget section */

/* Begin PBXProject section */
		D09925032896CA07008112DB /* Project object */ = {
			isa = PBXProject;
			attributes = {
				BuildIndependentTargetsInParallel = 1;
				LastSwiftUpdateCheck = 1340;
				LastUpgradeCheck = 1340;
				TargetAttributes = {
					D099250A2896CA07008112DB = {
						CreatedOnToolsVersion = 13.4.1;
					};
					D099251B2896CA09008112DB = {
						CreatedOnToolsVersion = 13.4.1;
						TestTargetID = D099250A2896CA07008112DB;
					};
					D09925252896CA09008112DB = {
						CreatedOnToolsVersion = 13.4.1;
						TestTargetID = D099250A2896CA07008112DB;
					};
				};
			};
			buildConfigurationList = D09925062896CA07008112DB /* Build configuration list for PBXProject "classPractice0" */;
			compatibilityVersion = "Xcode 13.0";
			developmentRegion = en;
			hasScannedForEncodings = 0;
			knownRegions = (
				en,
				Base,
			);
			mainGroup = D09925022896CA07008112DB;
			productRefGroup = D099250C2896CA07008112DB /* Products */;
			projectDirPath = "";
			projectRoot = "";
			targets = (
				D099250A2896CA07008112DB /* classPractice0 */,
				D099251B2896CA09008112DB /* classPractice0Tests */,
				D09925252896CA09008112DB /* classPractice0UITests */,
			);
		};
/* End PBXProject section */

/* Begin PBXResourcesBuildPhase section */
		D09925092896CA07008112DB /* Resources */ = {
			isa = PBXResourcesBuildPhase;
			buildActionMask = 2147483647;
			files = (
				D09925162896CA09008112DB /* Preview Assets.xcassets in Resources */,
				D09925132896CA09008112DB /* Assets.xcassets in Resources */,
			);
			runOnlyForDeploymentPostprocessing = 0;
		};
		D099251A2896CA09008112DB /* Resources */ = {
			isa = PBXResourcesBuildPhase;
			buildActionMask = 2147483647;
			files = (
			);
			runOnlyForDeploymentPostprocessing = 0;
		};
		D09925242896CA09008112DB /* Resources */ = {
			isa = PBXResourcesBuildPhase;
			buildActionMask = 2147483647;
			files = (
			);
			runOnlyForDeploymentPostprocessing = 0;
		};
/* End PBXResourcesBuildPhase section */

/* Begin PBXSourcesBuildPhase section */
		D09925072896CA07008112DB /* Sources */ = {
			isa = PBXSourcesBuildPhase;
			buildActionMask = 2147483647;
			files = (
				D09925112896CA07008112DB /* ContentView.swift in Sources */,
				D099250F2896CA07008112DB /* main.swift in Sources */,
			);
			runOnlyForDeploymentPostprocessing = 0;
		};
		D09925182896CA09008112DB /* Sources */ = {
			isa = PBXSourcesBuildPhase;
			buildActionMask = 2147483647;
			files = (
				D09925212896CA09008112DB /* classPractice0Tests.swift in Sources */,
			);
			runOnlyForDeploymentPostprocessing = 0;
		};
		D09925222896CA09008112DB /* Sources */ = {
			isa = PBXSourcesBuildPhase;
			buildActionMask = 2147483647;
			files = (
				D099252B2896CA09008112DB /* classPractice0UITests.swift in Sources */,
				D099252D2896CA09008112DB /* classPractice0UITestsLaunchTests.swift in Sources */,
			);
			runOnlyForDeploymentPostprocessing = 0;
		};
/* End PBXSourcesBuildPhase section */

/* Begin PBXTargetDependency section */
		D099251E2896CA09008112DB /* PBXTargetDependency */ = {
			isa = PBXTargetDependency;
			target = D099250A2896CA07008112DB /* classPractice0 */;
			targetProxy = D099251D2896CA09008112DB /* PBXContainerItemProxy */;
		};
		D09925282896CA09008112DB /* PBXTargetDependency */ = {
			isa = PBXTargetDependency;
			target = D099250A2896CA07008112DB /* classPractice0 */;
			targetProxy = D09925272896CA09008112DB /* PBXContainerItemProxy */;
		};
/* End PBXTargetDependency section */

/* Begin XCBuildConfiguration section */
		D099252E2896CA09008112DB /* Debug */ = {
			isa = XCBuildConfiguration;
			buildSettings = {
				ALWAYS_SEARCH_USER_PATHS = NO;
				CLANG_ANALYZER_NONNULL = YES;
				CLANG_ANALYZER_NUMBER_OBJECT_CONVERSION = YES_AGGRESSIVE;
				CLANG_CXX_LANGUAGE_STANDARD = "gnu++17";
				CLANG_ENABLE_MODULES = YES;
				CLANG_ENABLE_OBJC_ARC = YES;
				CLANG_ENABLE_OBJC_WEAK = YES;
				CLANG_WARN_BLOCK_CAPTURE_AUTORELEASING = YES;
				CLANG_WARN_BOOL_CONVERSION = YES;
				CLANG_WARN_COMMA = YES;
				CLANG_WARN_CONSTANT_CONVERSION = YES;
				CLANG_WARN_DEPRECATED_OBJC_IMPLEMENTATIONS = YES;
				CLANG_WARN_DIRECT_OBJC_ISA_USAGE = YES_ERROR;
				CLANG_WARN_DOCUMENTATION_COMMENTS = YES;
				CLANG_WARN_EMPTY_BODY = YES;
				CLANG_WARN_ENUM_CONVERSION = YES;
				CLANG_WARN_INFINITE_RECURSION = YES;
				CLANG_WARN_INT_CONVERSION = YES;
				CLANG_WARN_NON_LITERAL_NULL_CONVERSION = YES;
				CLANG_WARN_OBJC_IMPLICIT_RETAIN_SELF = YES;
				CLANG_WARN_OBJC_LITERAL_CONVERSION = YES;
				CLANG_WARN_OBJC_ROOT_CLASS = YES_ERROR;
				CLANG_WARN_QUOTED_INCLUDE_IN_FRAMEWORK_HEADER = YES;
				CLANG_WARN_RANGE_LOOP_ANALYSIS = YES;
				CLANG_WARN_STRICT_PROTOTYPES = YES;
				CLANG_WARN_SUSPICIOUS_MOVE = YES;
				CLANG_WARN_UNGUARDED_AVAILABILITY = YES_AGGRESSIVE;
				CLANG_WARN_UNREACHABLE_CODE = YES;
				CLANG_WARN__DUPLICATE_METHOD_MATCH = YES;
				COPY_PHASE_STRIP = NO;
				DEBUG_INFORMATION_FORMAT = dwarf;
				ENABLE_STRICT_OBJC_MSGSEND = YES;
				ENABLE_TESTABILITY = YES;
				GCC_C_LANGUAGE_STANDARD = gnu11;
				GCC_DYNAMIC_NO_PIC = NO;
				GCC_NO_COMMON_BLOCKS = YES;
				GCC_OPTIMIZATION_LEVEL = 0;
				GCC_PREPROCESSOR_DEFINITIONS = (
					"DEBUG=1",
					"$(inherited)",
				);
				GCC_WARN_64_TO_32_BIT_CONVERSION = YES;
				GCC_WARN_ABOUT_RETURN_TYPE = YES_ERROR;
				GCC_WARN_UNDECLARED_SELECTOR = YES;
				GCC_WARN_UNINITIALIZED_AUTOS = YES_AGGRESSIVE;
				GCC_WARN_UNUSED_FUNCTION = YES;
				GCC_WARN_UNUSED_VARIABLE = YES;
				MACOSX_DEPLOYMENT_TARGET = 12.3;
				MTL_ENABLE_DEBUG_INFO = INCLUDE_SOURCE;
				MTL_FAST_MATH = YES;
				ONLY_ACTIVE_ARCH = YES;
				SDKROOT = macosx;
				SWIFT_ACTIVE_COMPILATION_CONDITIONS = DEBUG;
				SWIFT_OPTIMIZATION_LEVEL = "-Onone";
			};
			name = Debug;
		};
		D099252F2896CA09008112DB /* Release */ = {
			isa = XCBuildConfiguration;
			buildSettings = {
				ALWAYS_SEARCH_USER_PATHS = NO;
				CLANG_ANALYZER_NONNULL = YES;
				CLANG_ANALYZER_NUMBER_OBJECT_CONVERSION = YES_AGGRESSIVE;
				CLANG_CXX_LANGUAGE_STANDARD = "gnu++17";
				CLANG_ENABLE_MODULES = YES;
				CLANG_ENABLE_OBJC_ARC = YES;
				CLANG_ENABLE_OBJC_WEAK = YES;
				CLANG_WARN_BLOCK_CAPTURE_AUTORELEASING = YES;
				CLANG_WARN_BOOL_CONVERSION = YES;
				CLANG_WARN_COMMA = YES;
				CLANG_WARN_CONSTANT_CONVERSION = YES;
				CLANG_WARN_DEPRECATED_OBJC_IMPLEMENTATIONS = YES;
				CLANG_WARN_DIRECT_OBJC_ISA_USAGE = YES_ERROR;
				CLANG_WARN_DOCUMENTATION_COMMENTS = YES;
				CLANG_WARN_EMPTY_BODY = YES;
				CLANG_WARN_ENUM_CONVERSION = YES;
				CLANG_WARN_INFINITE_RECURSION = YES;
				CLANG_WARN_INT_CONVERSION = YES;
				CLANG_WARN_NON_LITERAL_NULL_CONVERSION = YES;
				CLANG_WARN_OBJC_IMPLICIT_RETAIN_SELF = YES;
				CLANG_WARN_OBJC_LITERAL_CONVERSION = YES;
				CLANG_WARN_OBJC_ROOT_CLASS = YES_ERROR;
				CLANG_WARN_QUOTED_INCLUDE_IN_FRAMEWORK_HEADER = YES;
				CLANG_WARN_RANGE_LOOP_ANALYSIS = YES;
				CLANG_WARN_STRICT_PROTOTYPES = YES;
				CLANG_WARN_SUSPICIOUS_MOVE = YES;
				CLANG_WARN_UNGUARDED_AVAILABILITY = YES_AGGRESSIVE;
				CLANG_WARN_UNREACHABLE_CODE = YES;
				CLANG_WARN__DUPLICATE_METHOD_MATCH = YES;
				COPY_PHASE_STRIP = NO;
				DEBUG_INFORMATION_FORMAT = "dwarf-with-dsym";
				ENABLE_NS_ASSERTIONS = NO;
				ENABLE_STRICT_OBJC_MSGSEND = YES;
				GCC_C_LANGUAGE_STANDARD = gnu11;
				GCC_NO_COMMON_BLOCKS = YES;
				GCC_WARN_64_TO_32_BIT_CONVERSION = YES;
				GCC_WARN_ABOUT_RETURN_TYPE = YES_ERROR;
				GCC_WARN_UNDECLARED_SELECTOR = YES;
				GCC_WARN_UNINITIALIZED_AUTOS = YES_AGGRESSIVE;
				GCC_WARN_UNUSED_FUNCTION = YES;
				GCC_WARN_UNUSED_VARIABLE = YES;
				MACOSX_DEPLOYMENT_TARGET = 12.3;
				MTL_ENABLE_DEBUG_INFO = NO;
				MTL_FAST_MATH = YES;
				SDKROOT = macosx;
				SWIFT_COMPILATION_MODE = wholemodule;
				SWIFT_OPTIMIZATION_LEVEL = "-O";
			};
			name = Release;
		};
		D09925312896CA09008112DB /* Debug */ = {
			isa = XCBuildConfiguration;
			buildSettings = {
				ASSETCATALOG_COMPILER_APPICON_NAME = AppIcon;
				ASSETCATALOG_COMPILER_GLOBAL_ACCENT_COLOR_NAME = AccentColor;
				CODE_SIGN_ENTITLEMENTS = classPractice0/classPractice0.entitlements;
				CODE_SIGN_STYLE = Automatic;
				COMBINE_HIDPI_IMAGES = YES;
				CURRENT_PROJECT_VERSION = 1;
				DEVELOPMENT_ASSET_PATHS = "\"classPractice0/Preview Content\"";
				ENABLE_PREVIEWS = YES;
				GENERATE_INFOPLIST_FILE = YES;
				INFOPLIST_KEY_NSHumanReadableCopyright = "";
				LD_RUNPATH_SEARCH_PATHS = (
					"$(inherited)",
					"@executable_path/../Frameworks",
				);
				MARKETING_VERSION = 1.0;
				PRODUCT_BUNDLE_IDENTIFIER = stu.inu.201802766.classPractice0;
				PRODUCT_NAME = "$(TARGET_NAME)";
				SWIFT_EMIT_LOC_STRINGS = YES;
				SWIFT_VERSION = 5.0;
			};
			name = Debug;
		};
		D09925322896CA09008112DB /* Release */ = {
			isa = XCBuildConfiguration;
			buildSettings = {
				ASSETCATALOG_COMPILER_APPICON_NAME = AppIcon;
				ASSETCATALOG_COMPILER_GLOBAL_ACCENT_COLOR_NAME = AccentColor;
				CODE_SIGN_ENTITLEMENTS = classPractice0/classPractice0.entitlements;
				CODE_SIGN_STYLE = Automatic;
				COMBINE_HIDPI_IMAGES = YES;
				CURRENT_PROJECT_VERSION = 1;
				DEVELOPMENT_ASSET_PATHS = "\"classPractice0/Preview Content\"";
				ENABLE_PREVIEWS = YES;
				GENERATE_INFOPLIST_FILE = YES;
				INFOPLIST_KEY_NSHumanReadableCopyright = "";
				LD_RUNPATH_SEARCH_PATHS = (
					"$(inherited)",
					"@executable_path/../Frameworks",
				);
				MARKETING_VERSION = 1.0;
				PRODUCT_BUNDLE_IDENTIFIER = stu.inu.201802766.classPractice0;
				PRODUCT_NAME = "$(TARGET_NAME)";
				SWIFT_EMIT_LOC_STRINGS = YES;
				SWIFT_VERSION = 5.0;
			};
			name = Release;
		};
		D09925342896CA09008112DB /* Debug */ = {
			isa = XCBuildConfiguration;
			buildSettings = {
				ALWAYS_EMBED_SWIFT_STANDARD_LIBRARIES = YES;
				BUNDLE_LOADER = "$(TEST_HOST)";
				CODE_SIGN_STYLE = Automatic;
				CURRENT_PROJECT_VERSION = 1;
				GENERATE_INFOPLIST_FILE = YES;
				MACOSX_DEPLOYMENT_TARGET = 12.3;
				MARKETING_VERSION = 1.0;
				PRODUCT_BUNDLE_IDENTIFIER = stu.inu.201802766.classPractice0Tests;
				PRODUCT_NAME = "$(TARGET_NAME)";
				SWIFT_EMIT_LOC_STRINGS = NO;
				SWIFT_VERSION = 5.0;
				TEST_HOST = "$(BUILT_PRODUCTS_DIR)/classPractice0.app/Contents/MacOS/classPractice0";
			};
			name = Debug;
		};
		D09925352896CA09008112DB /* Release */ = {
			isa = XCBuildConfiguration;
			buildSettings = {
				ALWAYS_EMBED_SWIFT_STANDARD_LIBRARIES = YES;
				BUNDLE_LOADER = "$(TEST_HOST)";
				CODE_SIGN_STYLE = Automatic;
				CURRENT_PROJECT_VERSION = 1;
				GENERATE_INFOPLIST_FILE = YES;
				MACOSX_DEPLOYMENT_TARGET = 12.3;
				MARKETING_VERSION = 1.0;
				PRODUCT_BUNDLE_IDENTIFIER = stu.inu.201802766.classPractice0Tests;
				PRODUCT_NAME = "$(TARGET_NAME)";
				SWIFT_EMIT_LOC_STRINGS = NO;
				SWIFT_VERSION = 5.0;
				TEST_HOST = "$(BUILT_PRODUCTS_DIR)/classPractice0.app/Contents/MacOS/classPractice0";
			};
			name = Release;
		};
		D09925372896CA09008112DB /* Debug */ = {
			isa = XCBuildConfiguration;
			buildSettings = {
				ALWAYS_EMBED_SWIFT_STANDARD_LIBRARIES = YES;
				CODE_SIGN_STYLE = Automatic;
				CURRENT_PROJECT_VERSION = 1;
				GENERATE_INFOPLIST_FILE = YES;
				MARKETING_VERSION = 1.0;
				PRODUCT_BUNDLE_IDENTIFIER = stu.inu.201802766.classPractice0UITests;
				PRODUCT_NAME = "$(TARGET_NAME)";
				SWIFT_EMIT_LOC_STRINGS = NO;
				SWIFT_VERSION = 5.0;
				TEST_TARGET_NAME = classPractice0;
			};
			name = Debug;
		};
		D09925382896CA09008112DB /* Release */ = {
			isa = XCBuildConfiguration;
			buildSettings = {
				ALWAYS_EMBED_SWIFT_STANDARD_LIBRARIES = YES;
				CODE_SIGN_STYLE = Automatic;
				CURRENT_PROJECT_VERSION = 1;
				GENERATE_INFOPLIST_FILE = YES;
				MARKETING_VERSION = 1.0;
				PRODUCT_BUNDLE_IDENTIFIER = stu.inu.201802766.classPractice0UITests;
				PRODUCT_NAME = "$(TARGET_NAME)";
				SWIFT_EMIT_LOC_STRINGS = NO;
				SWIFT_VERSION = 5.0;
				TEST_TARGET_NAME = classPractice0;
			};
			name = Release;
		};
/* End XCBuildConfiguration section */

/* Begin XCConfigurationList section */
		D09925062896CA07008112DB /* Build configuration list for PBXProject "classPractice0" */ = {
			isa = XCConfigurationList;
			buildConfigurations = (
				D099252E2896CA09008112DB /* Debug */,
				D099252F2896CA09008112DB /* Release */,
			);
			defaultConfigurationIsVisible = 0;
			defaultConfigurationName = Release;
		};
		D09925302896CA09008112DB /* Build configuration list for PBXNativeTarget "classPractice0" */ = {
			isa = XCConfigurationList;
			buildConfigurations = (
				D09925312896CA09008112DB /* Debug */,
				D09925322896CA09008112DB /* Release */,
			);
			defaultConfigurationIsVisible = 0;
			defaultConfigurationName = Release;
		};
		D09925332896CA09008112DB /* Build configuration list for PBXNativeTarget "classPractice0Tests" */ = {
			isa = XCConfigurationList;
			buildConfigurations = (
				D09925342896CA09008112DB /* Debug */,
				D09925352896CA09008112DB /* Release */,
			);
			defaultConfigurationIsVisible = 0;
			defaultConfigurationName = Release;
		};
		D09925362896CA09008112DB /* Build configuration list for PBXNativeTarget "classPractice0UITests" */ = {
			isa = XCConfigurationList;
			buildConfigurations = (
				D09925372896CA09008112DB /* Debug */,
				D09925382896CA09008112DB /* Release */,
			);
			defaultConfigurationIsVisible = 0;
			defaultConfigurationName = Release;
		};
/* End XCConfigurationList section */
	};
	rootObject = D09925032896CA07008112DB /* Project object */;
}
